// !$*UTF8*$!
{
	archiveVersion = 1;
	classes = {
	};
	objectVersion = 45;
	objects = {

/* Begin PBXBuildFile section */
		8D07F2BE0486CC7A007CD1D0 /* ScopeBar_Prefix.pch in Headers */ = {isa = PBXBuildFile; fileRef = 32BAE0B70371A74B00C91783 /* ScopeBar_Prefix.pch */; };
		8D07F2C00486CC7A007CD1D0 /* InfoPlist.strings in Resources */ = {isa = PBXBuildFile; fileRef = 089C1666FE841158C02AAC07 /* InfoPlist.strings */; };
		8D07F2C40486CC7A007CD1D0 /* Carbon.framework in Frameworks */ = {isa = PBXBuildFile; fileRef = 08FB77AAFE841565C02AAC07 /* Carbon.framework */; };
		A6EE5BDA0F9F823000FDB9BE /* MGRecessedPopUpButtonCell.h in Headers */ = {isa = PBXBuildFile; fileRef = A6EE5BD60F9F823000FDB9BE /* MGRecessedPopUpButtonCell.h */; };
		A6EE5BDB0F9F823000FDB9BE /* MGRecessedPopUpButtonCell.m in Sources */ = {isa = PBXBuildFile; fileRef = A6EE5BD70F9F823000FDB9BE /* MGRecessedPopUpButtonCell.m */; };
		A6EE5BDC0F9F823000FDB9BE /* MGScopeBar.h in Headers */ = {isa = PBXBuildFile; fileRef = A6EE5BD80F9F823000FDB9BE /* MGScopeBar.h */; };
		A6EE5BDD0F9F823000FDB9BE /* MGScopeBar.m in Sources */ = {isa = PBXBuildFile; fileRef = A6EE5BD90F9F823000FDB9BE /* MGScopeBar.m */; };
		A6EE5BE30F9F829400FDB9BE /* MGScopeBarDelegateProtocol.h in Headers */ = {isa = PBXBuildFile; fileRef = A6EE5BE20F9F829400FDB9BE /* MGScopeBarDelegateProtocol.h */; };
		A6EE5BE60F9F82BE00FDB9BE /* Cocoa.framework in Frameworks */ = {isa = PBXBuildFile; fileRef = A6EE5BE50F9F82BE00FDB9BE /* Cocoa.framework */; };
		A6EE5C3C0FA09E3100FDB9BE /* Cocoa.framework in Frameworks */ = {isa = PBXBuildFile; fileRef = A6EE5C3B0FA09E3100FDB9BE /* Cocoa.framework */; };
		A6EE5C410FA09EA000FDB9BE /* AppController.m in Sources */ = {isa = PBXBuildFile; fileRef = A6EE5C400FA09EA000FDB9BE /* AppController.m */; };
		A6EE5C440FA09F2900FDB9BE /* MainMenu.xib in Resources */ = {isa = PBXBuildFile; fileRef = A6EE5C420FA09F2900FDB9BE /* MainMenu.xib */; };
		A6EE5C500FA0A00000FDB9BE /* main.m in Sources */ = {isa = PBXBuildFile; fileRef = A6EE5C4F0FA0A00000FDB9BE /* main.m */; };
		A6EE5C800FA0A0B800FDB9BE /* ScopeBar.framework in Frameworks */ = {isa = PBXBuildFile; fileRef = 8D07F2C80486CC7A007CD1D0 /* ScopeBar.framework */; };
/* End PBXBuildFile section */

/* Begin PBXContainerItemProxy section */
		A6EE5C390FA09E2600FDB9BE /* PBXContainerItemProxy */ = {
			isa = PBXContainerItemProxy;
			containerPortal = 0867D690FE84028FC02AAC07 /* Project object */;
			proxyType = 1;
			remoteGlobalIDString = 8D07F2BC0486CC7A007CD1D0;
			remoteInfo = ScopeBar;
		};
/* End PBXContainerItemProxy section */

/* Begin PBXFileReference section */
		089C1667FE841158C02AAC07 /* English */ = {isa = PBXFileReference; fileEncoding = 10; lastKnownFileType = text.plist.strings; name = English; path = English.lproj/InfoPlist.strings; sourceTree = "<group>"; };
		08FB77AAFE841565C02AAC07 /* Carbon.framework */ = {isa = PBXFileReference; lastKnownFileType = wrapper.framework; name = Carbon.framework; path = /System/Library/Frameworks/Carbon.framework; sourceTree = "<absolute>"; };
		32BAE0B70371A74B00C91783 /* ScopeBar_Prefix.pch */ = {isa = PBXFileReference; fileEncoding = 4; lastKnownFileType = sourcecode.c.h; path = ScopeBar_Prefix.pch; sourceTree = "<group>"; };
		8D07F2C70486CC7A007CD1D0 /* Info.plist */ = {isa = PBXFileReference; fileEncoding = 4; lastKnownFileType = text.plist; path = Info.plist; sourceTree = "<group>"; };
		8D07F2C80486CC7A007CD1D0 /* ScopeBar.framework */ = {isa = PBXFileReference; explicitFileType = wrapper.framework; includeInIndex = 0; path = ScopeBar.framework; sourceTree = BUILT_PRODUCTS_DIR; };
		A6EE5BD60F9F823000FDB9BE /* MGRecessedPopUpButtonCell.h */ = {isa = PBXFileReference; fileEncoding = 4; lastKnownFileType = sourcecode.c.h; path = MGRecessedPopUpButtonCell.h; sourceTree = "<group>"; };
		A6EE5BD70F9F823000FDB9BE /* MGRecessedPopUpButtonCell.m */ = {isa = PBXFileReference; fileEncoding = 4; lastKnownFileType = sourcecode.c.objc; path = MGRecessedPopUpButtonCell.m; sourceTree = "<group>"; };
		A6EE5BD80F9F823000FDB9BE /* MGScopeBar.h */ = {isa = PBXFileReference; fileEncoding = 4; lastKnownFileType = sourcecode.c.h; path = MGScopeBar.h; sourceTree = "<group>"; };
		A6EE5BD90F9F823000FDB9BE /* MGScopeBar.m */ = {isa = PBXFileReference; fileEncoding = 4; lastKnownFileType = sourcecode.c.objc; path = MGScopeBar.m; sourceTree = "<group>"; };
		A6EE5BE20F9F829400FDB9BE /* MGScopeBarDelegateProtocol.h */ = {isa = PBXFileReference; fileEncoding = 4; lastKnownFileType = sourcecode.c.h; path = MGScopeBarDelegateProtocol.h; sourceTree = "<group>"; };
		A6EE5BE50F9F82BE00FDB9BE /* Cocoa.framework */ = {isa = PBXFileReference; lastKnownFileType = wrapper.framework; name = Cocoa.framework; path = /System/Library/Frameworks/Cocoa.framework; sourceTree = "<absolute>"; };
		A6EE5C330FA09E1400FDB9BE /* Demo.app */ = {isa = PBXFileReference; explicitFileType = wrapper.application; includeInIndex = 0; path = Demo.app; sourceTree = BUILT_PRODUCTS_DIR; };
		A6EE5C350FA09E1400FDB9BE /* Demo-Info.plist */ = {isa = PBXFileReference; lastKnownFileType = text.plist.xml; path = "Demo-Info.plist"; sourceTree = "<group>"; };
		A6EE5C3B0FA09E3100FDB9BE /* Cocoa.framework */ = {isa = PBXFileReference; lastKnownFileType = wrapper.framework; name = Cocoa.framework; path = System/Library/Frameworks/Cocoa.framework; sourceTree = SDKROOT; };
		A6EE5C3F0FA09EA000FDB9BE /* AppController.h */ = {isa = PBXFileReference; fileEncoding = 4; lastKnownFileType = sourcecode.c.h; path = AppController.h; sourceTree = "<group>"; };
		A6EE5C400FA09EA000FDB9BE /* AppController.m */ = {isa = PBXFileReference; fileEncoding = 4; lastKnownFileType = sourcecode.c.objc; path = AppController.m; sourceTree = "<group>"; };
		A6EE5C430FA09F2900FDB9BE /* English */ = {isa = PBXFileReference; lastKnownFileType = file.xib; name = English; path = English.lproj/MainMenu.xib; sourceTree = "<group>"; };
		A6EE5C4F0FA0A00000FDB9BE /* main.m */ = {isa = PBXFileReference; fileEncoding = 4; lastKnownFileType = sourcecode.c.objc; path = main.m; sourceTree = "<group>"; };
/* End PBXFileReference section */

/* Begin PBXFrameworksBuildPhase section */
		8D07F2C30486CC7A007CD1D0 /* Frameworks */ = {
			isa = PBXFrameworksBuildPhase;
			buildActionMask = 2147483647;
			files = (
				8D07F2C40486CC7A007CD1D0 /* Carbon.framework in Frameworks */,
				A6EE5BE60F9F82BE00FDB9BE /* Cocoa.framework in Frameworks */,
			);
			runOnlyForDeploymentPostprocessing = 0;
		};
		A6EE5C310FA09E1400FDB9BE /* Frameworks */ = {
			isa = PBXFrameworksBuildPhase;
			buildActionMask = 2147483647;
			files = (
				A6EE5C3C0FA09E3100FDB9BE /* Cocoa.framework in Frameworks */,
				A6EE5C800FA0A0B800FDB9BE /* ScopeBar.framework in Frameworks */,
			);
			runOnlyForDeploymentPostprocessing = 0;
		};
/* End PBXFrameworksBuildPhase section */

/* Begin PBXGroup section */
		034768DDFF38A45A11DB9C8B /* Products */ = {
			isa = PBXGroup;
			children = (
				8D07F2C80486CC7A007CD1D0 /* ScopeBar.framework */,
				A6EE5C330FA09E1400FDB9BE /* Demo.app */,
			);
			name = Products;
			sourceTree = "<group>";
		};
		0867D691FE84028FC02AAC07 /* ScopeBar */ = {
			isa = PBXGroup;
			children = (
				08FB77ACFE841707C02AAC07 /* Source */,
				089C1665FE841158C02AAC07 /* Resources */,
				0867D69AFE84028FC02AAC07 /* External Frameworks and Libraries */,
				034768DDFF38A45A11DB9C8B /* Products */,
				A6EE5C350FA09E1400FDB9BE /* Demo-Info.plist */,
				A6EE5C3B0FA09E3100FDB9BE /* Cocoa.framework */,
			);
			name = ScopeBar;
			sourceTree = "<group>";
		};
		0867D69AFE84028FC02AAC07 /* External Frameworks and Libraries */ = {
			isa = PBXGroup;
			children = (
				A6EE5BE50F9F82BE00FDB9BE /* Cocoa.framework */,
				08FB77AAFE841565C02AAC07 /* Carbon.framework */,
			);
			name = "External Frameworks and Libraries";
			sourceTree = "<group>";
		};
		089C1665FE841158C02AAC07 /* Resources */ = {
			isa = PBXGroup;
			children = (
				A6EE5C420FA09F2900FDB9BE /* MainMenu.xib */,
				8D07F2C70486CC7A007CD1D0 /* Info.plist */,
				089C1666FE841158C02AAC07 /* InfoPlist.strings */,
			);
			name = Resources;
			sourceTree = "<group>";
		};
		08FB77ACFE841707C02AAC07 /* Source */ = {
			isa = PBXGroup;
			children = (
				A6EE5C4F0FA0A00000FDB9BE /* main.m */,
				A6EE5C3F0FA09EA000FDB9BE /* AppController.h */,
				A6EE5C400FA09EA000FDB9BE /* AppController.m */,
				A6EE5BE20F9F829400FDB9BE /* MGScopeBarDelegateProtocol.h */,
				A6EE5BD60F9F823000FDB9BE /* MGRecessedPopUpButtonCell.h */,
				A6EE5BD70F9F823000FDB9BE /* MGRecessedPopUpButtonCell.m */,
				A6EE5BD80F9F823000FDB9BE /* MGScopeBar.h */,
				A6EE5BD90F9F823000FDB9BE /* MGScopeBar.m */,
				32BAE0B70371A74B00C91783 /* ScopeBar_Prefix.pch */,
			);
			name = Source;
			sourceTree = "<group>";
		};
/* End PBXGroup section */

/* Begin PBXHeadersBuildPhase section */
		8D07F2BD0486CC7A007CD1D0 /* Headers */ = {
			isa = PBXHeadersBuildPhase;
			buildActionMask = 2147483647;
			files = (
				8D07F2BE0486CC7A007CD1D0 /* ScopeBar_Prefix.pch in Headers */,
				A6EE5BDA0F9F823000FDB9BE /* MGRecessedPopUpButtonCell.h in Headers */,
				A6EE5BDC0F9F823000FDB9BE /* MGScopeBar.h in Headers */,
				A6EE5BE30F9F829400FDB9BE /* MGScopeBarDelegateProtocol.h in Headers */,
			);
			runOnlyForDeploymentPostprocessing = 0;
		};
/* End PBXHeadersBuildPhase section */

/* Begin PBXNativeTarget section */
		8D07F2BC0486CC7A007CD1D0 /* ScopeBar */ = {
			isa = PBXNativeTarget;
			buildConfigurationList = 4FADC24208B4156D00ABE55E /* Build configuration list for PBXNativeTarget "ScopeBar" */;
			buildPhases = (
				8D07F2BD0486CC7A007CD1D0 /* Headers */,
				8D07F2BF0486CC7A007CD1D0 /* Resources */,
				8D07F2C10486CC7A007CD1D0 /* Sources */,
				8D07F2C30486CC7A007CD1D0 /* Frameworks */,
				8D07F2C50486CC7A007CD1D0 /* Rez */,
			);
			buildRules = (
			);
			dependencies = (
			);
			name = ScopeBar;
			productInstallPath = "$(HOME)/Library/Frameworks";
			productName = ScopeBar;
			productReference = 8D07F2C80486CC7A007CD1D0 /* ScopeBar.framework */;
			productType = "com.apple.product-type.framework";
		};
		A6EE5C320FA09E1400FDB9BE /* Demo */ = {
			isa = PBXNativeTarget;
			buildConfigurationList = A6EE5C380FA09E1500FDB9BE /* Build configuration list for PBXNativeTarget "Demo" */;
			buildPhases = (
				A6EE5C2F0FA09E1400FDB9BE /* Resources */,
				A6EE5C300FA09E1400FDB9BE /* Sources */,
				A6EE5C310FA09E1400FDB9BE /* Frameworks */,
			);
			buildRules = (
			);
			dependencies = (
				A6EE5C3A0FA09E2600FDB9BE /* PBXTargetDependency */,
			);
			name = Demo;
			productName = Demo;
			productReference = A6EE5C330FA09E1400FDB9BE /* Demo.app */;
			productType = "com.apple.product-type.application";
		};
/* End PBXNativeTarget section */

/* Begin PBXProject section */
		0867D690FE84028FC02AAC07 /* Project object */ = {
			isa = PBXProject;
			buildConfigurationList = 4FADC24608B4156D00ABE55E /* Build configuration list for PBXProject "ScopeBar" */;
			compatibilityVersion = "Xcode 3.1";
			hasScannedForEncodings = 1;
			mainGroup = 0867D691FE84028FC02AAC07 /* ScopeBar */;
			productRefGroup = 034768DDFF38A45A11DB9C8B /* Products */;
			projectDirPath = "";
			projectRoot = "";
			targets = (
				8D07F2BC0486CC7A007CD1D0 /* ScopeBar */,
				A6EE5C320FA09E1400FDB9BE /* Demo */,
			);
		};
/* End PBXProject section */

/* Begin PBXResourcesBuildPhase section */
		8D07F2BF0486CC7A007CD1D0 /* Resources */ = {
			isa = PBXResourcesBuildPhase;
			buildActionMask = 2147483647;
			files = (
				8D07F2C00486CC7A007CD1D0 /* InfoPlist.strings in Resources */,
			);
			runOnlyForDeploymentPostprocessing = 0;
		};
		A6EE5C2F0FA09E1400FDB9BE /* Resources */ = {
			isa = PBXResourcesBuildPhase;
			buildActionMask = 2147483647;
			files = (
				A6EE5C440FA09F2900FDB9BE /* MainMenu.xib in Resources */,
			);
			runOnlyForDeploymentPostprocessing = 0;
		};
/* End PBXResourcesBuildPhase section */

/* Begin PBXRezBuildPhase section */
		8D07F2C50486CC7A007CD1D0 /* Rez */ = {
			isa = PBXRezBuildPhase;
			buildActionMask = 2147483647;
			files = (
			);
			runOnlyForDeploymentPostprocessing = 0;
		};
/* End PBXRezBuildPhase section */

/* Begin PBXSourcesBuildPhase section */
		8D07F2C10486CC7A007CD1D0 /* Sources */ = {
			isa = PBXSourcesBuildPhase;
			buildActionMask = 2147483647;
			files = (
				A6EE5BDB0F9F823000FDB9BE /* MGRecessedPopUpButtonCell.m in Sources */,
				A6EE5BDD0F9F823000FDB9BE /* MGScopeBar.m in Sources */,
			);
			runOnlyForDeploymentPostprocessing = 0;
		};
		A6EE5C300FA09E1400FDB9BE /* Sources */ = {
			isa = PBXSourcesBuildPhase;
			buildActionMask = 2147483647;
			files = (
				A6EE5C410FA09EA000FDB9BE /* AppController.m in Sources */,
				A6EE5C500FA0A00000FDB9BE /* main.m in Sources */,
			);
			runOnlyForDeploymentPostprocessing = 0;
		};
/* End PBXSourcesBuildPhase section */

/* Begin PBXTargetDependency section */
		A6EE5C3A0FA09E2600FDB9BE /* PBXTargetDependency */ = {
			isa = PBXTargetDependency;
			target = 8D07F2BC0486CC7A007CD1D0 /* ScopeBar */;
			targetProxy = A6EE5C390FA09E2600FDB9BE /* PBXContainerItemProxy */;
		};
/* End PBXTargetDependency section */

/* Begin PBXVariantGroup section */
		089C1666FE841158C02AAC07 /* InfoPlist.strings */ = {
			isa = PBXVariantGroup;
			children = (
				089C1667FE841158C02AAC07 /* English */,
			);
			name = InfoPlist.strings;
			sourceTree = "<group>";
		};
		A6EE5C420FA09F2900FDB9BE /* MainMenu.xib */ = {
			isa = PBXVariantGroup;
			children = (
				A6EE5C430FA09F2900FDB9BE /* English */,
			);
			name = MainMenu.xib;
			sourceTree = "<group>";
		};
/* End PBXVariantGroup section */

/* Begin XCBuildConfiguration section */
		4FADC24308B4156D00ABE55E /* Debug */ = {
			isa = XCBuildConfiguration;
			buildSettings = {
				COPY_PHASE_STRIP = NO;
				DYLIB_COMPATIBILITY_VERSION = 1;
				DYLIB_CURRENT_VERSION = 1;
				FRAMEWORK_VERSION = A;
				GCC_DYNAMIC_NO_PIC = NO;
				GCC_ENABLE_FIX_AND_CONTINUE = YES;
				GCC_MODEL_TUNING = G5;
				GCC_OPTIMIZATION_LEVEL = 0;
				GCC_PRECOMPILE_PREFIX_HEADER = YES;
				GCC_PREFIX_HEADER = ScopeBar_Prefix.pch;
				INFOPLIST_FILE = Info.plist;
				INSTALL_PATH = "$(HOME)/Library/Frameworks";
				LIBRARY_STYLE = DYNAMIC;
				MACH_O_TYPE = mh_dylib;
				PRODUCT_NAME = ScopeBar;
				WRAPPER_EXTENSION = framework;
				ZERO_LINK = YES;
			};
			name = Debug;
		};
		4FADC24408B4156D00ABE55E /* Release */ = {
			isa = XCBuildConfiguration;
			buildSettings = {
				DEBUG_INFORMATION_FORMAT = "dwarf-with-dsym";
				DYLIB_COMPATIBILITY_VERSION = 1;
				DYLIB_CURRENT_VERSION = 1;
				FRAMEWORK_VERSION = A;
				GCC_MODEL_TUNING = G5;
				GCC_PRECOMPILE_PREFIX_HEADER = YES;
				GCC_PREFIX_HEADER = ScopeBar_Prefix.pch;
				INFOPLIST_FILE = Info.plist;
				INSTALL_PATH = "$(HOME)/Library/Frameworks";
				LIBRARY_STYLE = DYNAMIC;
				MACH_O_TYPE = mh_dylib;
				PRODUCT_NAME = ScopeBar;
				WRAPPER_EXTENSION = framework;
			};
			name = Release;
		};
		4FADC24708B4156D00ABE55E /* Debug */ = {
			isa = XCBuildConfiguration;
			buildSettings = {
				ARCHS = "$(ARCHS_STANDARD_32_BIT)";
				GCC_C_LANGUAGE_STANDARD = c99;
				GCC_WARN_ABOUT_RETURN_TYPE = YES;
				GCC_WARN_UNUSED_VARIABLE = YES;
				ONLY_ACTIVE_ARCH = YES;
				PREBINDING = NO;
				SDKROOT = macosx10.5;
			};
			name = Debug;
		};
		4FADC24808B4156D00ABE55E /* Release */ = {
			isa = XCBuildConfiguration;
			buildSettings = {
				ARCHS = "$(ARCHS_STANDARD_32_BIT)";
				GCC_C_LANGUAGE_STANDARD = c99;
				GCC_WARN_ABOUT_RETURN_TYPE = YES;
				GCC_WARN_UNUSED_VARIABLE = YES;
				PREBINDING = NO;
				SDKROOT = macosx10.5;
			};
			name = Release;
		};
		A6EE5C360FA09E1500FDB9BE /* Debug */ = {
			isa = XCBuildConfiguration;
			buildSettings = {
				ALWAYS_SEARCH_USER_PATHS = NO;
				COPY_PHASE_STRIP = NO;
				GCC_DYNAMIC_NO_PIC = NO;
				GCC_ENABLE_FIX_AND_CONTINUE = YES;
				GCC_MODEL_TUNING = G5;
				GCC_OPTIMIZATION_LEVEL = 0;
				GCC_PRECOMPILE_PREFIX_HEADER = YES;
				GCC_PREFIX_HEADER = "$(SYSTEM_LIBRARY_DIR)/Frameworks/AppKit.framework/Headers/AppKit.h";
				INFOPLIST_FILE = "Demo-Info.plist";
				INSTALL_PATH = "$(HOME)/Applications";
				OTHER_LDFLAGS = (
					"-framework",
					Foundation,
					"-framework",
					AppKit,
				);
				PREBINDING = NO;
				PRODUCT_NAME = Demo;
			};
			name = Debug;
		};
		A6EE5C370FA09E1500FDB9BE /* Release */ = {
			isa = XCBuildConfiguration;
			buildSettings = {
				ALWAYS_SEARCH_USER_PATHS = NO;
				COPY_PHASE_STRIP = YES;
				DEBUG_INFORMATION_FORMAT = "dwarf-with-dsym";
				GCC_ENABLE_FIX_AND_CONTINUE = NO;
				GCC_MODEL_TUNING = G5;
				GCC_PRECOMPILE_PREFIX_HEADER = YES;
				GCC_PREFIX_HEADER = "$(SYSTEM_LIBRARY_DIR)/Frameworks/AppKit.framework/Headers/AppKit.h";
				INFOPLIST_FILE = "Demo-Info.plist";
				INSTALL_PATH = "$(HOME)/Applications";
				OTHER_LDFLAGS = (
					"-framework",
					Foundation,
					"-framework",
					AppKit,
				);
				PREBINDING = NO;
				PRODUCT_NAME = Demo;
				ZERO_LINK = NO;
			};
			name = Release;
		};
/* End XCBuildConfiguration section */

/* Begin XCConfigurationList section */
		4FADC24208B4156D00ABE55E /* Build configuration list for PBXNativeTarget "ScopeBar" */ = {
			isa = XCConfigurationList;
			buildConfigurations = (
				4FADC24308B4156D00ABE55E /* Debug */,
				4FADC24408B4156D00ABE55E /* Release */,
			);
			defaultConfigurationIsVisible = 0;
			defaultConfigurationName = Release;
		};
		4FADC24608B4156D00ABE55E /* Build configuration list for PBXProject "ScopeBar" */ = {
			isa = XCConfigurationList;
			buildConfigurations = (
				4FADC24708B4156D00ABE55E /* Debug */,
				4FADC24808B4156D00ABE55E /* Release */,
			);
			defaultConfigurationIsVisible = 0;
			defaultConfigurationName = Release;
		};
		A6EE5C380FA09E1500FDB9BE /* Build configuration list for PBXNativeTarget "Demo" */ = {
			isa = XCConfigurationList;
			buildConfigurations = (
				A6EE5C360FA09E1500FDB9BE /* Debug */,
				A6EE5C370FA09E1500FDB9BE /* Release */,
			);
			defaultConfigurationIsVisible = 0;
			defaultConfigurationName = Release;
		};
/* End XCConfigurationList section */
	};
	rootObject = 0867D690FE84028FC02AAC07 /* Project object */;
}
